
Microsoft Visual Studio Solution File, Format Version 12.00
# Visual Studio Version 17
VisualStudioVersion = 17.11.35222.181
MinimumVisualStudioVersion = 10.0.40219.1
Project("{FAE04EC0-301F-11D3-BF4B-00C04F79EFBC}") = "xadrez_console", "xadrez_console\xadrez_console.csproj", "{A2590ECA-C64C-4AF8-8539-35F4FC16F5AF}"
EndProject
Global
	GlobalSection(SolutionConfigurationPlatforms) = preSolution
		Debug|Any CPU = Debug|Any CPU
		Release|Any CPU = Release|Any CPU
	EndGlobalSection
	GlobalSection(ProjectConfigurationPlatforms) = postSolution
		{A2590ECA-C64C-4AF8-8539-35F4FC16F5AF}.Debug|Any CPU.ActiveCfg = Debug|Any CPU
		{A2590ECA-C64C-4AF8-8539-35F4FC16F5AF}.Debug|Any CPU.Build.0 = Debug|Any CPU
		{A2590ECA-C64C-4AF8-8539-35F4FC16F5AF}.Release|Any CPU.ActiveCfg = Release|Any CPU
		{A2590ECA-C64C-4AF8-8539-35F4FC16F5AF}.Release|Any CPU.Build.0 = Release|Any CPU
	EndGlobalSection
	GlobalSection(SolutionProperties) = preSolution
		HideSolutionNode = FALSE
	EndGlobalSection
	GlobalSection(ExtensibilityGlobals) = postSolution
		SolutionGuid = {254E5823-9395-4199-86F3-DB1AAB6FFCFE}
	EndGlobalSection
EndGlobal
